version = 1
revision = 3
requires-python = "==3.12.*"

[[package]]
name = "nuitka"
version = "4.0.7"
source = { registry = "https://pypi.org/simple" }
sdist = { url = "https://files.pythonhosted.org/packages/ed/0e/2537066db2458843e4a1edfc524409069ad58a456fc4b312b18b1d327431/nuitka-4.0.7.tar.gz", hash = "sha256:26543bfed6009a466ae8608bdc643add81a497e8662e4aaf157cd00aa7fd5b9f", size = 4421537, upload-time = "2026-03-24T13:26:43.368Z" }

[[package]]
name = "pyside6"
version = "6.6.0"
source = { registry = "https://pypi.org/simple" }
dependencies = [
    { name = "pyside6-addons" },
    { name = "pyside6-essentials" },
    { name = "shiboken6" },
]
wheels = [
    { url = "https://files.pythonhosted.org/packages/54/e9/8d6e64aecc19a8e3ca899f79ab9bbd831c2e4cfaf1ac89e084c9c5bd8e39/PySide6-6.6.0-cp38-abi3-macosx_11_0_universal2.whl", hash = "sha256:8103f14ed46a05e81acccbfc8388e3321e392fe54f3aa4a13336bd2ed8af5cd4", size = 6696, upload-time = "2023-10-17T09:42:32.531Z" },
    { url = "https://files.pythonhosted.org/packages/14/cd/f8117f92430564af4cb60bc38d93de8dcb1d051c955cf0a62e6563fe7f55/PySide6-6.6.0-cp38-abi3-manylinux_2_28_x86_64.whl", hash = "sha256:d487eab0f9bfc5c9141b474093e16207ff48cd9335e6465a01deb8dff0693fbc", size = 6670, upload-time = "2023-10-17T09:42:34.451Z" },
    { url = "https://files.pythonhosted.org/packages/63/df/dc2c30b6d163458056c29e3942af9a32082e96337b7187c5267599669150/PySide6-6.6.0-cp38-abi3-manylinux_2_31_aarch64.whl", hash = "sha256:f40917b7a0c5c7f0c7faaa87e66ffa3b58d9d1d3d977d30fc07e193b82dd6749", size = 6675, upload-time = "2023-10-17T09:42:36.201Z" },
    { url = "https://files.pythonhosted.org/packages/ac/5d/45e9127662531a9a68e2394a02a511c3dff36cbbac3a919ba3e2b02088f5/PySide6-6.6.0-cp38-abi3-win_amd64.whl", hash = "sha256:d41dfcfa32c89502cdaa20206b7e2aba199072f94b424bc6a4d6f50b10f4eb5a", size = 7225, upload-time = "2023-10-17T09:42:37.896Z" },
]

[[package]]
name = "pyside6-addons"
version = "6.6.0"
source = { registry = "https://pypi.org/simple" }
dependencies = [
    { name = "pyside6-essentials" },
    { name = "shiboken6" },
]
wheels = [
    { url = "https://files.pythonhosted.org/packages/e5/09/85044dd0f48cfe98cea55ba1975989843d5cbaf572a00d0e3c18190e74e5/PySide6_Addons-6.6.0-cp38-abi3-macosx_11_0_universal2.whl", hash = "sha256:82fe1bb6a1aabf5ab3d8632072dc908aa37fc75b4b46e520258c441bd6b103fb", size = 248998576, upload-time = "2023-10-17T09:31:50.852Z" },
    { url = "https://files.pythonhosted.org/packages/d9/37/94576a9a1c4070652d508e277642e896693d49d83fc329949c13de19cef5/PySide6_Addons-6.6.0-cp38-abi3-manylinux_2_28_x86_64.whl", hash = "sha256:5c56e963b841aeaacbc9ca8ca34df45308818dbd6fc59faa2b5a00a299e9892b", size = 125160599, upload-time = "2023-10-17T09:33:22.143Z" },
    { url = "https://files.pythonhosted.org/packages/e3/32/85824aea8da31ac6861af0e6ebadc1dbc42e9958dcf421e1a69fd20845eb/PySide6_Addons-6.6.0-cp38-abi3-manylinux_2_31_aarch64.whl", hash = "sha256:e145514a7c37ee3a6ad0ddd693f805ccff6fbd9640a24fb2ef6b7f852882d3e9", size = 110909742, upload-time = "2023-10-17T09:34:42.22Z" },
    { url = "https://files.pythonhosted.org/packages/3c/75/381fd515bc929fd73f75e5197af3907d8f18fa8be811c6423ba2fa731d7d/PySide6_Addons-6.6.0-cp38-abi3-win_amd64.whl", hash = "sha256:414864f7cfbdf8ac4c5a745566a515f18b6018d5730bf5489cc2716b5e1fcd9b", size = 110273318, upload-time = "2023-10-17T09:36:05.481Z" },
]

[[package]]
name = "pyside6-essentials"
version = "6.6.0"
source = { registry = "https://pypi.org/simple" }
dependencies = [
    { name = "shiboken6" },
]
wheels = [
    { url = "https://files.pythonhosted.org/packages/e9/9b/853cb8ff2f2996395c1aed751769bba704ae79ffba9ca45ed64c487506bf/PySide6_Essentials-6.6.0-cp38-abi3-macosx_11_0_universal2.whl", hash = "sha256:26d27e3e3a18acbc770a69a30774fd345414fe4932fcb89d2cfc4fc130c3eb33", size = 146188358, upload-time = "2023-10-17T09:38:33.703Z" },
    { url = "https://files.pythonhosted.org/packages/e2/f0/09e8e38a51f705eecda1202cb51a9fcc7affb0f9fd3be44bf58ce25528dc/PySide6_Essentials-6.6.0-cp38-abi3-manylinux_2_28_x86_64.whl", hash = "sha256:60284641619f964e1cb4d53cf3169d7a385e0378b74edb75610918d2aea1c4e5", size = 82092378, upload-time = "2023-10-17T09:39:27.036Z" },
    { url = "https://files.pythonhosted.org/packages/40/de/4fd7714f0558131fc3159f7f851a0afbd7245b999106a175af4a36cd66cc/PySide6_Essentials-6.6.0-cp38-abi3-manylinux_2_31_aarch64.whl", hash = "sha256:37d5d9c6ee696a17890f07e7ce1f88f890174bd4aca29f47922ecc959ab28352", size = 66348057, upload-time = "2023-10-17T09:40:34.09Z" },
    { url = "https://files.pythonhosted.org/packages/67/e6/a350a4509e06f7dcde0448357bba14de99fa97b39580a681151262ed65ae/PySide6_Essentials-6.6.0-cp38-abi3-win_amd64.whl", hash = "sha256:97bbe33f584a09cef6a3fbc1295fb0fd7acaac345bc0f5601bf45d41c91683ac", size = 76703502, upload-time = "2023-10-17T09:41:39.751Z" },
]

[[package]]
name = "shiboken6"
version = "6.6.0"
source = { registry = "https://pypi.org/simple" }
wheels = [
    { url = "https://files.pythonhosted.org/packages/ac/f7/06ad6f30427e8b92712ed67ab9885ddd5f44f270a85062fa68ba145a46a3/shiboken6-6.6.0-cp38-abi3-macosx_11_0_universal2.whl", hash = "sha256:bf23c43e53ffe6097853666ced05358c6640c378e992902a36c4cf77efb0223b", size = 339922, upload-time = "2023-10-17T09:42:04.509Z" },
    { url = "https://files.pythonhosted.org/packages/6b/eb/72572b8db7713305b6a15ea7aa04bd7240cd9d84c33cc790218532fc0f43/shiboken6-6.6.0-cp38-abi3-manylinux_2_28_x86_64.whl", hash = "sha256:456b89fb4b323e0c5002d92e4d346b48bb4e709db801208df8a0d6b4f5efc33d", size = 169288, upload-time = "2023-10-17T09:42:06.348Z" },
    { url = "https://files.pythonhosted.org/packages/b5/31/d8596aebc384cd46e0f45c9a0f5bc87df83dd50966cb3d4ca2006ee80883/shiboken6-6.6.0-cp38-abi3-manylinux_2_31_aarch64.whl", hash = "sha256:fb8c683206c3365f9240fff7f908485384893b02efb089b69ff816b4390baa9a", size = 160112, upload-time = "2023-10-17T09:42:08.245Z" },
    { url = "https://files.pythonhosted.org/packages/27/bf/0995ef993b9a35c0f8b3a61c056d508b5e17d1963a597af91d3dc5f405f1/shiboken6-6.6.0-cp38-abi3-win_amd64.whl", hash = "sha256:e62b2610b84f0ff7ed0181a4c535849cdc0654127097b5ef561cf0a33078f245", size = 1066845, upload-time = "2023-10-17T09:42:10.628Z" },
]

[[package]]
name = "unisched"
version = "0.1.0"
source = { editable = "." }
dependencies = [
    { name = "pyside6" },
]

[package.optional-dependencies]
deploy = [
    { name = "nuitka" },
    { name = "zstandard" },
]

[package.metadata]
requires-dist = [
    { name = "nuitka", marker = "extra == 'deploy'" },
    { name = "pyside6", specifier = "==6.6" },
    { name = "zstandard", marker = "extra == 'deploy'" },
]
provides-extras = ["deploy"]

[[package]]
name = "zstandard"
version = "0.25.0"
source = { registry = "https://pypi.org/simple" }
sdist = { url = "https://files.pythonhosted.org/packages/fd/aa/3e0508d5a5dd96529cdc5a97011299056e14c6505b678fd58938792794b1/zstandard-0.25.0.tar.gz", hash = "sha256:7713e1179d162cf5c7906da876ec2ccb9c3a9dcbdffef0cc7f70c3667a205f0b", size = 711513, upload-time = "2025-09-14T22:15:54.002Z" }
wheels = [
    { url = "https://files.pythonhosted.org/packages/82/fc/f26eb6ef91ae723a03e16eddb198abcfce2bc5a42e224d44cc8b6765e57e/zstandard-0.25.0-cp312-cp312-macosx_10_13_x86_64.whl", hash = "sha256:7b3c3a3ab9daa3eed242d6ecceead93aebbb8f5f84318d82cee643e019c4b73b", size = 795738, upload-time = "2025-09-14T22:16:56.237Z" },
    { url = "https://files.pythonhosted.org/packages/aa/1c/d920d64b22f8dd028a8b90e2d756e431a5d86194caa78e3819c7bf53b4b3/zstandard-0.25.0-cp312-cp312-macosx_11_0_arm64.whl", hash = "sha256:913cbd31a400febff93b564a23e17c3ed2d56c064006f54efec210d586171c00", size = 640436, upload-time = "2025-09-14T22:16:57.774Z" },
    { url = "https://files.pythonhosted.org/packages/53/6c/288c3f0bd9fcfe9ca41e2c2fbfd17b2097f6af57b62a81161941f09afa76/zstandard-0.25.0-cp312-cp312-manylinux2010_i686.manylinux2014_i686.manylinux_2_12_i686.manylinux_2_17_i686.whl", hash = "sha256:011d388c76b11a0c165374ce660ce2c8efa8e5d87f34996aa80f9c0816698b64", size = 5343019, upload-time = "2025-09-14T22:16:59.302Z" },
    { url = "https://files.pythonhosted.org/packages/1e/15/efef5a2f204a64bdb5571e6161d49f7ef0fffdbca953a615efbec045f60f/zstandard-0.25.0-cp312-cp312-manylinux2014_aarch64.manylinux_2_17_aarch64.whl", hash = "sha256:6dffecc361d079bb48d7caef5d673c88c8988d3d33fb74ab95b7ee6da42652ea", size = 5063012, upload-time = "2025-09-14T22:17:01.156Z" },
    { url = "https://files.pythonhosted.org/packages/b7/37/a6ce629ffdb43959e92e87ebdaeebb5ac81c944b6a75c9c47e300f85abdf/zstandard-0.25.0-cp312-cp312-manylinux2014_ppc64le.manylinux_2_17_ppc64le.whl", hash = "sha256:7149623bba7fdf7e7f24312953bcf73cae103db8cae49f8154dd1eadc8a29ecb", size = 5394148, upload-time = "2025-09-14T22:17:03.091Z" },
    { url = "https://files.pythonhosted.org/packages/e3/79/2bf870b3abeb5c070fe2d670a5a8d1057a8270f125ef7676d29ea900f496/zstandard-0.25.0-cp312-cp312-manylinux2014_s390x.manylinux_2_17_s390x.whl", hash = "sha256:6a573a35693e03cf1d67799fd01b50ff578515a8aeadd4595d2a7fa9f3ec002a", size = 5451652, upload-time = "2025-09-14T22:17:04.979Z" },
    { url = "https://files.pythonhosted.org/packages/53/60/7be26e610767316c028a2cbedb9a3beabdbe33e2182c373f71a1c0b88f36/zstandard-0.25.0-cp312-cp312-manylinux2014_x86_64.manylinux_2_17_x86_64.whl", hash = "sha256:5a56ba0db2d244117ed744dfa8f6f5b366e14148e00de44723413b2f3938a902", size = 5546993, upload-time = "2025-09-14T22:17:06.781Z" },
    { url = "https://files.pythonhosted.org/packages/85/c7/3483ad9ff0662623f3648479b0380d2de5510abf00990468c286c6b04017/zstandard-0.25.0-cp312-cp312-musllinux_1_1_aarch64.whl", hash = "sha256:10ef2a79ab8e2974e2075fb984e5b9806c64134810fac21576f0668e7ea19f8f", size = 5046806, upload-time = "2025-09-14T22:17:08.415Z" },
    { url = "https://files.pythonhosted.org/packages/08/b3/206883dd25b8d1591a1caa44b54c2aad84badccf2f1de9e2d60a446f9a25/zstandard-0.25.0-cp312-cp312-musllinux_1_1_x86_64.whl", hash = "sha256:aaf21ba8fb76d102b696781bddaa0954b782536446083ae3fdaa6f16b25a1c4b", size = 5576659, upload-time = "2025-09-14T22:17:10.164Z" },
    { url = "https://files.pythonhosted.org/packages/9d/31/76c0779101453e6c117b0ff22565865c54f48f8bd807df2b00c2c404b8e0/zstandard-0.25.0-cp312-cp312-musllinux_1_2_aarch64.whl", hash = "sha256:1869da9571d5e94a85a5e8d57e4e8807b175c9e4a6294e3b66fa4efb074d90f6", size = 4953933, upload-time = "2025-09-14T22:17:11.857Z" },
    { url = "https://files.pythonhosted.org/packages/18/e1/97680c664a1bf9a247a280a053d98e251424af51f1b196c6d52f117c9720/zstandard-0.25.0-cp312-cp312-musllinux_1_2_i686.whl", hash = "sha256:809c5bcb2c67cd0ed81e9229d227d4ca28f82d0f778fc5fea624a9def3963f91", size = 5268008, upload-time = "2025-09-14T22:17:13.627Z" },
    { url = "https://files.pythonhosted.org/packages/1e/73/316e4010de585ac798e154e88fd81bb16afc5c5cb1a72eeb16dd37e8024a/zstandard-0.25.0-cp312-cp312-musllinux_1_2_ppc64le.whl", hash = "sha256:f27662e4f7dbf9f9c12391cb37b4c4c3cb90ffbd3b1fb9284dadbbb8935fa708", size = 5433517, upload-time = "2025-09-14T22:17:16.103Z" },
    { url = "https://files.pythonhosted.org/packages/5b/60/dd0f8cfa8129c5a0ce3ea6b7f70be5b33d2618013a161e1ff26c2b39787c/zstandard-0.25.0-cp312-cp312-musllinux_1_2_s390x.whl", hash = "sha256:99c0c846e6e61718715a3c9437ccc625de26593fea60189567f0118dc9db7512", size = 5814292, upload-time = "2025-09-14T22:17:17.827Z" },
    { url = "https://files.pythonhosted.org/packages/fc/5f/75aafd4b9d11b5407b641b8e41a57864097663699f23e9ad4dbb91dc6bfe/zstandard-0.25.0-cp312-cp312-musllinux_1_2_x86_64.whl", hash = "sha256:474d2596a2dbc241a556e965fb76002c1ce655445e4e3bf38e5477d413165ffa", size = 5360237, upload-time = "2025-09-14T22:17:19.954Z" },
    { url = "https://files.pythonhosted.org/packages/ff/8d/0309daffea4fcac7981021dbf21cdb2e3427a9e76bafbcdbdf5392ff99a4/zstandard-0.25.0-cp312-cp312-win32.whl", hash = "sha256:23ebc8f17a03133b4426bcc04aabd68f8236eb78c3760f12783385171b0fd8bd", size = 436922, upload-time = "2025-09-14T22:17:24.398Z" },
    { url = "https://files.pythonhosted.org/packages/79/3b/fa54d9015f945330510cb5d0b0501e8253c127cca7ebe8ba46a965df18c5/zstandard-0.25.0-cp312-cp312-win_amd64.whl", hash = "sha256:ffef5a74088f1e09947aecf91011136665152e0b4b359c42be3373897fb39b01", size = 506276, upload-time = "2025-09-14T22:17:21.429Z" },
    { url = "https://files.pythonhosted.org/packages/ea/6b/8b51697e5319b1f9ac71087b0af9a40d8a6288ff8025c36486e0c12abcc4/zstandard-0.25.0-cp312-cp312-win_arm64.whl", hash = "sha256:181eb40e0b6a29b3cd2849f825e0fa34397f649170673d385f3598ae17cca2e9", size = 462679, upload-time = "2025-09-14T22:17:23.147Z" },
]
